
Microsoft Visual Studio Solution File, Format Version 12.00
# Visual Studio Version 17
VisualStudioVersion = 17.0.31903.59
MinimumVisualStudioVersion = 10.0.40219.1
Project("{FAE04EC0-301F-11D3-BF4B-00C04F79EFBC}") = "minimal-api", "Api\minimal-api.csproj", "{4EE517F2-0470-4919-8E83-2BBA89CF7599}"
EndProject
Project("{FAE04EC0-301F-11D3-BF4B-00C04F79EFBC}") = "Test", "Test\Test.csproj", "{637238F0-0267-486D-812F-4F7587B72ABF}"
EndProject
Global
	GlobalSection(SolutionConfigurationPlatforms) = preSolution
		Debug|Any CPU = Debug|Any CPU
		Release|Any CPU = Release|Any CPU
	EndGlobalSection
	GlobalSection(SolutionProperties) = preSolution
		HideSolutionNode = FALSE
	EndGlobalSection
	GlobalSection(ProjectConfigurationPlatforms) = postSolution
		{4EE517F2-0470-4919-8E83-2BBA89CF7599}.Debug|Any CPU.ActiveCfg = Debug|Any CPU
		{4EE517F2-0470-4919-8E83-2BBA89CF7599}.Debug|Any CPU.Build.0 = Debug|Any CPU
		{4EE517F2-0470-4919-8E83-2BBA89CF7599}.Release|Any CPU.ActiveCfg = Release|Any CPU
		{4EE517F2-0470-4919-8E83-2BBA89CF7599}.Release|Any CPU.Build.0 = Release|Any CPU
		{637238F0-0267-486D-812F-4F7587B72ABF}.Debug|Any CPU.ActiveCfg = Debug|Any CPU
		{637238F0-0267-486D-812F-4F7587B72ABF}.Debug|Any CPU.Build.0 = Debug|Any CPU
		{637238F0-0267-486D-812F-4F7587B72ABF}.Release|Any CPU.ActiveCfg = Release|Any CPU
		{637238F0-0267-486D-812F-4F7587B72ABF}.Release|Any CPU.Build.0 = Release|Any CPU
	EndGlobalSection
EndGlobal
